
Microsoft Visual Studio Solution File, Format Version 12.00
# Visual Studio Version 16
VisualStudioVersion = 16.0.32428.217
MinimumVisualStudioVersion = 10.0.40219.1
Project("{FAE04EC0-301F-11D3-BF4B-00C04F79EFBC}") = "LoggingTemplate", "LoggingTemplate\LoggingTemplate.csproj", "{AD620FC8-F754-49B4-B6C3-56BD8D1958BB}"
EndProject
Global
	GlobalSection(SolutionConfigurationPlatforms) = preSolution
		Debug|Any CPU = Debug|Any CPU
		Release|Any CPU = Release|Any CPU
	EndGlobalSection
	GlobalSection(ProjectConfigurationPlatforms) = postSolution
		{AD620FC8-F754-49B4-B6C3-56BD8D1958BB}.Debug|Any CPU.ActiveCfg = Debug|Any CPU
		{AD620FC8-F754-49B4-B6C3-56BD8D1958BB}.Debug|Any CPU.Build.0 = Debug|Any CPU
		{AD620FC8-F754-49B4-B6C3-56BD8D1958BB}.Release|Any CPU.ActiveCfg = Release|Any CPU
		{AD620FC8-F754-49B4-B6C3-56BD8D1958BB}.Release|Any CPU.Build.0 = Release|Any CPU
	EndGlobalSection
	GlobalSection(SolutionProperties) = preSolution
		HideSolutionNode = FALSE
	EndGlobalSection
	GlobalSection(ExtensibilityGlobals) = postSolution
		SolutionGuid = {54276EC8-F5EF-455F-BDA8-703CF8FFEAFC}
	EndGlobalSection
EndGlobal
